_id: 085135acb4c1abd8
_key: '!items!085135acb4c1abd8'
_stats:
  coreVersion: '13'
  lastModifiedBy: teriockBuilder00
  systemId: teriock
  systemVersion: 0.9.17
effects:
  - _id: 085135acb4c1abd8
    _key: '!items.effects!085135acb4c1abd8.085135acb4c1abd8'
    _stats:
      coreVersion: '13'
      lastModifiedBy: teriockBuilder00
      systemId: teriock
      systemVersion: 0.9.17
    img: systems/teriock/src/icons/abilities/basic-block.webp
    name: Basic Block
    system:
      basic: true
      competence:
        raw: 0
      delivery:
        base: item
      duration:
        dawn: false
        description: Instant
        raw: '0'
        stationary: false
        unit: instant
      executionTime: r0
      expansion:
        featSaveAttribute: mov
        range:
          unit: self
      featSaveAttribute: mov
      form: intrinsic
      grantOnly: false
      interaction: block
      maneuver: reactive
      piercing:
        raw: 0
      powerSources:
        - martial
      range:
        unit: melee
      results:
        fail: <p>The @L[Core:Interactions]{attack's} effect applies.</p>
        save: >-
          <p>The @L[Core:Interactions]{attack's} effect
          @L[Core:Fizzles]{fizzles}.</p>
      revealed: true
      targets:
        - attack
      trigger: <p>You are being @L[Core:Interactions]{attacked}.</p>
    type: ability
img: systems/teriock/src/icons/abilities/basic-block.webp
name: Basic Block
type: wrapper
