_id: 085135acb4c1abd8
_key: "!effects!085135acb4c1abd8"
img: systems/teriock/src/icons/abilities/basic-block.webp
name: Basic Block
system:
  basic: true
  delivery: item
  executionTime:
    base: r0
  identifier: basic-block
  interaction: block
  kind: intrinsic
  maneuver: reactive
  powerSources:
    - martial
  results:
    fail: <p>The @Identifier[core:interactions]{attack's} effect applies.</p>
    save: <p>The @Identifier[core:interactions]{attack's} effect @Identifier[core:fizzles]{fizzles}.</p>
  targets:
    - attack
  trigger: <p>You are being @Identifier[core:interactions]{attacked}.</p>
type: ability
