_id: basicBlk00000000
effects:
  - name: Basic Block
    type: ability
    img: systems/teriock/src/icons/abilities/basic-block.webp
    _id: basicBlk00000000
    system:
      competence:
        raw: 0
      suppression: {}
      piercing:
        raw: 0
      revealed: true
      duration:
        raw: '0'
        unit: instant
        dawn: false
        stationary: false
        description: Instant
      basic: true
      delivery:
        base: item
      executionTime: r0
      expansion:
        range:
          unit: self
        featSaveAttribute: mov
      featSaveAttribute: mov
      form: intrinsic
      grantOnly: false
      interaction: block
      maneuver: reactive
      powerSources:
        - martial
      range:
        unit: melee
      results:
        save: >-
          <p>The @L[Core:Interactions]{attack's} effect
          @L[Core:Fizzles]{fizzles}.</p>
        fail: <p>The @L[Core:Interactions]{attack's} effect applies.</p>
      targets:
        - attack
      trigger: <p>You are being @L[Core:Interactions]{attacked}.</p>
      impacts: {}
    _stats:
      coreVersion: '13'
      systemId: teriock
      systemVersion: 0.9.16
      lastModifiedBy: teriockBuilder00
    _key: '!items.effects!basicBlk00000000.basicBlk00000000'
img: systems/teriock/src/icons/abilities/basic-block.webp
name: Basic Block
type: wrapper
_stats:
  coreVersion: '13'
  systemId: teriock
  systemVersion: 0.9.16
  lastModifiedBy: teriockBuilder00
_key: '!items!basicBlk00000000'
