_id: 3c304286ddb8dc50
_key: '!items!3c304286ddb8dc50'
_stats:
  coreVersion: '13'
  lastModifiedBy: teriockBuilder00
  systemId: teriock
  systemVersion: 0.10.23
effects:
  - _id: 3c304286ddb8dc50
    _key: '!items.effects!3c304286ddb8dc50.3c304286ddb8dc50'
    _stats:
      coreVersion: '13'
      lastModifiedBy: teriockBuilder00
      systemId: teriock
      systemVersion: 0.10.23
    img: systems/teriock/src/icons/abilities/formlock.webp
    name: Formlock
    system:
      automations:
        72ce567009179bea:
          _id: 72ce567009179bea
          competencies:
            - 0
            - 1
            - 2
          duration:
            raw: '@h * 3600'
          heighten:
            - 1
          type: duration
      competence:
        raw: 0
      costs:
        mp:
          type: static
          value:
            static: 1
      delivery:
        base: hand
        package: touch
      duration:
        dawn: false
        raw: '1'
        stationary: false
        unit: minute
      elements:
        - nature
      executionTime: a1
      expansion:
        featSaveAttribute: mov
        range:
          unit: self
      featSaveAttribute: mov
      form: special
      grantOnly: false
      heightened: >-
        <p>For each additional @L[Core:MP]{MP} spent, the duration of this
        effect increases by 1 hour.</p>
      identifier: formlock
      interaction: attack
      maneuver: active
      piercing:
        raw: 2
      powerSources:
        - magical
      range:
        raw: Your Hand's Range
        unit: ft
      results:
        hit: <p>Target is @L[Ability:Formbound]{Formbound}.</p>
      revealed: true
      rotator: true
      spell: true
      standard: true
      targets:
        - creature
    type: ability
  - _id: dhpnU5nOLnGCmj1u
    _key: '!items.effects!3c304286ddb8dc50.dhpnU5nOLnGCmj1u'
    _stats:
      compendiumSource: Compendium.teriock.abilities.Item.df5a9717176b0305
      coreVersion: '13'
      lastModifiedBy: teriockBuilder00
      systemId: teriock
      systemVersion: 0.10.23
    img: systems/teriock/src/icons/abilities/formbound.webp
    name: Formbound
    system:
      _sup: 3c304286ddb8dc50
      automations:
        e789ed5e109ebd1a:
          _id: e789ed5e109ebd1a
          changes:
            - key: system.protections.immunities.transformation
              mode: 2
              priority: 10
              qualifier: '1'
              target: Actor
              time: normal
              value: effects
          competencies:
            - 0
            - 1
            - 2
          crit:
            - 0
            - 1
          heighten:
            - 1
            - 0
          type: changes
      competence:
        raw: 0
      delivery:
        base: self
      duration:
        dawn: false
        raw: '0'
        stationary: false
        unit: unlimited
      effectTypes:
        - immunity
      executionTime: passive
      expansion:
        featSaveAttribute: mov
        range:
          unit: self
      featSaveAttribute: mov
      form: special
      grantOnly: false
      identifier: formbound
      interaction: manifest
      maneuver: passive
      overview:
        base: >-
          <p>You are @L[Keyword:Immunity]{immune} to and
          @L[Keyword:Incapable]{incapable} of @L[Category:Transformation
          effects]{transformation effects}.</p>
      piercing:
        raw: 0
      powerSources:
        - magical
      range:
        unit: self
      revealed: true
      targets:
        - self
    type: ability
img: systems/teriock/src/icons/abilities/formlock.webp
name: Formlock
type: wrapper
