_id: 3c304286ddb8dc50
_key: '!effects!3c304286ddb8dc50'
_stats:
  coreVersion: '14'
  lastModifiedBy: teriockBuilder00
  systemId: teriock
  systemVersion: 0.12.61
img: systems/teriock/src/icons/abilities/formlock.webp
name: Formlock
system:
  automations:
    72ce567009179bea:
      _id: 72ce567009179bea
      changeType: add
      duration:
        raw: '@h * 3600'
        unit: second
      heighten:
        - 1
      type: duration
  competence:
    raw: 0
  costs:
    primary:
      mp:
        formula: '1'
        type: formula
  delivery: hand
  duration:
    raw: '1'
    unit: minute
  elements:
    - nature
  executionTime:
    base: a1
    slow:
      unit: second
  expansion:
    range:
      unit: self
  featSaveAttribute: mov
  form: special
  heightened: >-
    <p>For each additional @L[Core:MP]{MP} spent, the duration of this effect
    increases by 1 hour.</p>
  identifier: formlock
  interaction: attack
  maneuver: active
  mundane: false
  piercing:
    raw: 2
  powerSources:
    - magical
  range:
    unit: contact
  results:
    hit: <p>Target is @L[Ability:Formbound]{Formbound}.</p>
  rotator: true
  spell: true
  standard: true
  targets:
    - creature
transfer: true
type: ability
