name: Mind Lock
type: wrapper
_id: D73qP1T1Q0w2cC2o
img: systems/teriock/src/icons/abilities/mind-lock.webp
effects:
  - name: Mind Lock
    type: ability
    img: systems/teriock/src/icons/abilities/mind-lock.webp
    system:
      powerSources:
        - magical
      interaction: manifest
      featSaveAttribute: mov
      maneuver: passive
      executionTime: passive
      delivery:
        base: self
      targets:
        - self
      elements:
        - storm
      duration:
        unit: noLimit
        quantity: 0
        description: Always Active
      overview:
        base: >-
          <p>You are @L[Keyword:Immunity]{immune} to @L[Category:Mental
          effects]{mental} and @L[Category:Control effects]{control effects},
          being @L[Condition:Frightened]{frightened},
          @L[Condition:Charmed]{charmed}, @L[Condition:Bound]{bound}, or
          @L[Condition:Frenzied]{frenzied}, and having your
          @L[Core:Intelligence]{INT} change. This makes you
          @L[Keyword:Incapable]{incapable} of @L[Category:INT setting
          abilities]{INT setting abilities} that you gain while this ability is
          active (but not ones that you already had). In addition, you maintain
          control over your own mind when being @L[Category:Reanimation
          effects]{reanimated} and are immune to
          @L[Category:Abilities]{abilities} that would change your behavior such
          as @L[Ability:Taunt]{Taunt}.@L[Ability:Taunt]{Taunt}.</p>
      piercing: normal
      improvements:
        attributeImprovement:
          minVal: 0
        featSaveImprovement:
          attribute: int
          amount: fluency
      expansionSaveAttribute: mov
      form: normal
      effectTypes:
        - immunity
      impacts:
        base:
          changes:
            - key: system.protections.immunities.effects
              mode: 2
              value: mental
              priority: 10
            - key: system.protections.immunities.effects
              mode: 2
              value: control
              priority: 10
            - key: system.protections.immunities.statuses
              mode: 2
              value: frightened
              priority: 10
            - key: system.protections.immunities.statuses
              mode: 2
              value: charmed
              priority: 10
            - key: system.protections.immunities.statuses
              mode: 2
              value: bound
              priority: 10
            - key: system.protections.immunities.statuses
              mode: 2
              value: frenzied
              priority: 10
            - key: system.protections.immunities.other
              mode: 2
              value: Having your behavior changed
              priority: 10
            - key: system.protections.immunities.other
              mode: 2
              value: Having your INT changed
              priority: 10
    _id: G46uEezmTciv7Mfw
    _stats:
      coreVersion: '13'
      systemId: teriock
      systemVersion: 0.9.14
      lastModifiedBy: teriockBuilder00
      compendiumSource: Compendium.teriock.abilities.Item.D73qP1T1Q0w2cC2o
    _key: '!items.effects!D73qP1T1Q0w2cC2o.G46uEezmTciv7Mfw'
_stats:
  coreVersion: '13'
  systemId: teriock
  systemVersion: 0.1.0
  lastModifiedBy: teriockBuilder00
_key: '!items!D73qP1T1Q0w2cC2o'
