_id: b1bde599c17a5bc4
_key: "!effects!b1bde599c17a5bc4"
img: systems/teriock/src/icons/abilities/mind-lock.webp
name: Mind Lock
system:
  affinities:
    - _id: 0mvVZlR2AiNhk1DD
      category: conditions
      img: ""
      type: immunity
      value: frenzied
    - _id: A2SzD4mmy4atodpn
      category: conditions
      img: ""
      type: immunity
      value: bound
    - _id: ABQiYPIflZkTepYd
      category: other
      img: ""
      type: immunity
      value: Having Your INT Changed
    - _id: AbdNJYpyvJjKaFLi
      category: conditions
      img: ""
      type: immunity
      value: frightened
    - _id: Gfh3PXyCdGFbb8vH
      category: conditions
      img: ""
      type: immunity
      value: charmed
    - _id: MUvkQJgeZqoKmZoi
      category: effectTypes
      img: ""
      type: immunity
      value: mental
    - _id: gwK91cP8ugck8v7V
      category: other
      img: ""
      type: immunity
      value: Having Your Behavior Changed
    - _id: mc5VESixnvqVl3R0
      category: effectTypes
      img: ""
      type: immunity
      value: control
    - _id: hCQnDYtlseA1qeZm
      category: other
      img: ""
      type: incapability
      value: INT Setting Abilities
  delivery: self
  duration:
    unit: unlimited
  effectTypes:
    - immunity
  elements:
    - storm
  executionTime:
    base: passive
  identifier: mind-lock
  interaction: manifest
  maneuver: passive
  overview:
    base: >-
      <p>You are @Identifier[keyword:immunity]{immune} to @Wiki[Category:Mental effects]{mental} and
      @Wiki[Category:Control effects]{control effects}, being @Identifier[condition:frightened]{frightened},
      @Identifier[condition:charmed]{charmed}, @Identifier[condition:bound]{bound}, or
      @Identifier[condition:frenzied]{frenzied}, and having your @Identifier[core:intelligence]{INT} change. This makes
      you @Identifier[keyword:incapable]{incapable} of @Wiki[Category:INT setting abilities]{INT setting abilities} that
      you gain while this ability is active (but not ones that you already had). In addition, you maintain control over
      your own mind when being @Wiki[Category:Reanimation effects]{reanimated} and are immune to
      @Pack[teriock.abilities]{abilities} that would change your behavior such as @Identifier[ability:taunt]{Taunt}.</p>
  powerSources:
    - magical
  range:
    unit: self
  targets:
    - self
  upgrades:
    competence:
      attribute: int
      value: 2
type: ability
